
Microsoft Visual Studio Solution File, Format Version 12.00
# Visual Studio Version 16
VisualStudioVersion = 16.0.31112.23
MinimumVisualStudioVersion = 10.0.40219.1
Project("{FAE04EC0-301F-11D3-BF4B-00C04F79EFBC}") = "HoangHuyTuan_5951071116", "HoangHuyTuan_5951071116\HoangHuyTuan_5951071116.csproj", "{AFB56012-74F0-411E-9BE7-3268DF50AD63}"
EndProject
Global
	GlobalSection(SolutionConfigurationPlatforms) = preSolution
		Debug|Any CPU = Debug|Any CPU
		Release|Any CPU = Release|Any CPU
	EndGlobalSection
	GlobalSection(ProjectConfigurationPlatforms) = postSolution
		{AFB56012-74F0-411E-9BE7-3268DF50AD63}.Debug|Any CPU.ActiveCfg = Debug|Any CPU
		{AFB56012-74F0-411E-9BE7-3268DF50AD63}.Debug|Any CPU.Build.0 = Debug|Any CPU
		{AFB56012-74F0-411E-9BE7-3268DF50AD63}.Release|Any CPU.ActiveCfg = Release|Any CPU
		{AFB56012-74F0-411E-9BE7-3268DF50AD63}.Release|Any CPU.Build.0 = Release|Any CPU
	EndGlobalSection
	GlobalSection(SolutionProperties) = preSolution
		HideSolutionNode = FALSE
	EndGlobalSection
	GlobalSection(ExtensibilityGlobals) = postSolution
		SolutionGuid = {4DF030C5-EC7D-47AE-A4A8-769A078FF4DA}
	EndGlobalSection
EndGlobal
